# THIS IS AN AUTOGENERATED FILE. DO NOT EDIT THIS FILE DIRECTLY.
# yarn lockfile v1


"@extscreen/es3-audio-player@~3.0.0-alpha.1":
  version "3.0.0-alpha.1"
  resolved "https://registry.yarnpkg.com/@extscreen/es3-audio-player/-/es3-audio-player-3.0.0-alpha.1.tgz#edd1f44e3d37349399df20db2135d22ba1df4050"
  integrity sha512-HASnjUav6B9qB7Q+zORnJtWcOzElxpJKFV/1ndUk0JyuzQaq4pUK9EsQWxaFBjsOXUL+jMNRjbqDF7vh2qqMDQ==

"@extscreen/es3-audio-service-player@~3.0.0-alpha.1":
  version "3.0.0-alpha.1"
  resolved "https://registry.yarnpkg.com/@extscreen/es3-audio-service-player/-/es3-audio-service-player-3.0.0-alpha.1.tgz#0c6026bcc3125f19ebfc30f20cf5e8c0e078f363"
  integrity sha512-CvWtdjHXP8opOYG6rlJcypTph09RNyAIIHxIRkhgPFgnfxrhU+RLQ544BBX1V51hmCQ29MXujp2VVndlcm9APA==

"@extscreen/es3-component@~3.0.0-alpha.1":
  version "3.0.0-alpha.2"
  resolved "https://registry.yarnpkg.com/@extscreen/es3-component/-/es3-component-3.0.0-alpha.2.tgz#87b3f611455401d43ebf7075d1a3a991d4a31304"
  integrity sha512-guGxphn9/59GMEojPaBqgJ3INx3UufFJEQwnx3qfUifCmnuVqdyV7ftmg7TTJAVhdV9fw/T6VR/0IttURdN+cA==

"@extscreen/es3-core@~3.0.0-alpha.1":
  version "3.0.0-alpha.5"
  resolved "https://registry.yarnpkg.com/@extscreen/es3-core/-/es3-core-3.0.0-alpha.5.tgz#043bdc5c8893269e0bdced7fd7cd132994e7b6c6"
  integrity sha512-rMSC0b0ImXxryqjmDphrLcYaQPxtA957GsqCfyLdRb1FgXmDcvd+95j9U45H4X+c9EZDRQZ1E8yIg1cFdMut7A==

"@extscreen/es3-player-manager@~3.0.0-alpha.1":
  version "3.0.0-alpha.1"
  resolved "https://registry.yarnpkg.com/@extscreen/es3-player-manager/-/es3-player-manager-3.0.0-alpha.1.tgz#03a08b37d9ff4bce185089e01be1ab5af6983a49"
  integrity sha512-ElHsqUkxf8BPn5yZFPApNkAMddzIwjqvmJUzpszYK5m9WKSJr2mFQyPxWU8kG4zialrB2h2qB/+Y5S1CI8iDkg==

"@extscreen/es3-player@~3.0.0-alpha.2":
  version "3.0.0-alpha.2"
  resolved "https://registry.yarnpkg.com/@extscreen/es3-player/-/es3-player-3.0.0-alpha.2.tgz#fdb4be19c4e3b4488555d90902140629183e695b"
  integrity sha512-PSBzQGScMfx3RP+yzPso+iYxDl9gf57/elUFZKM8LvFQIxMbrv39YfJCpKylqh4DR650uiIcP/mWrs/eEss9mg==

"@extscreen/es3-router@~3.0.0-alpha.1":
  version "3.0.0-alpha.2"
  resolved "https://registry.yarnpkg.com/@extscreen/es3-router/-/es3-router-3.0.0-alpha.2.tgz#fb70a1fbe1736f8c099522112a03bcf3a161a921"
  integrity sha512-uYx0KPhxBlANVZKtltNM2rPBc4x4fd0SRqfKARmX7RwSH6v1Os+VEPBnrUueRbKT+/oXcFRlmVGPlzzcy0n2dg==
  dependencies:
    "@vue/devtools-api" "^6.5.0"

"@extscreen/es3-soundpool-player@~3.0.0-alpha.1":
  version "3.0.0-alpha.1"
  resolved "https://registry.yarnpkg.com/@extscreen/es3-soundpool-player/-/es3-soundpool-player-3.0.0-alpha.1.tgz#6561e3067a3cc20861f802c0331414950c0d875c"
  integrity sha512-xg/F43ZA3LoIcTqUBy3gyjuzZAq9JRolDVSyY0WMoAbrOpeTY5Ku/20jqNTfBk1z8N3BitSfeLRGJGEk4XEItA==

"@extscreen/es3-video-player@~3.0.0-alpha.1":
  version "3.0.0-alpha.1"
  resolved "https://registry.yarnpkg.com/@extscreen/es3-video-player/-/es3-video-player-3.0.0-alpha.1.tgz#69ae94055558dfc29f4f8260b08f994e42325f2a"
  integrity sha512-aD+Ln6gMmXbfDDQKz5Cs9pvvZFzKGOVS2Q92I6NaGeo47moAwpR2UMCh18Za1mEwmEbchAYKV/lHKwefnM1Msg==

"@extscreen/es3-vue-style-parser@~3.0.0-alpha.1":
  version "3.0.0-alpha.1"
  resolved "https://registry.yarnpkg.com/@extscreen/es3-vue-style-parser/-/es3-vue-style-parser-3.0.0-alpha.1.tgz#f8fd995ebb5a030b7a5b7c5b29d2046f408377e9"
  integrity sha512-rDeIHqBeyk+lolJCjKpPQUmu0QfFBevOz87YqxP4jkLSR7TVTTi8zczK/D5ON/Q6LHpg2xasbqVgQCmSOqzBWg==
  dependencies:
    "@vue/shared" "^3.2.21"

"@extscreen/es3-vue@~3.0.0-alpha.10":
  version "3.0.0-alpha.14"
  resolved "https://registry.yarnpkg.com/@extscreen/es3-vue/-/es3-vue-3.0.0-alpha.14.tgz#a6f013cc44082daf2da1e580dcbad01927a055f2"
  integrity sha512-XKthLLyOUYdvhxyWy08ZD7fT/IwG7+wNHSp70FKHFttlmasS73OIOc7JfymU7h+rnDrnouvkO95tsrUAcPSMGA==

"@vue/devtools-api@^6.5.0":
  version "6.6.4"
  resolved "https://registry.yarnpkg.com/@vue/devtools-api/-/devtools-api-6.6.4.tgz#cbe97fe0162b365edc1dba80e173f90492535343"
  integrity sha512-sGhTPMuXqZ1rVOk32RylztWkfXTRhuS7vgAKv0zjqk8gbsHkJ7xfFf+jbySxt7tWObEJwyKaHMikV/WGDiQm8g==

"@vue/shared@^3.2.21":
  version "3.5.25"
  resolved "https://registry.yarnpkg.com/@vue/shared/-/shared-3.5.25.tgz#21edcff133a5a04f72c4e4c6142260963fe5afbe"
  integrity sha512-AbOPdQQnAnzs58H2FrrDxYj/TJfmeS2jdfEEhgiKINy+bnOANmVizIEgq1r+C5zsbs6l1CCQxtcj71rwNQ4jWg==
